
Microsoft Visual Studio Solution File, Format Version 12.00
# Visual Studio Version 17
VisualStudioVersion = 17.3.32825.248
MinimumVisualStudioVersion = 10.0.40219.1
Project("{F184B08F-C81C-45F6-A57F-5ABD9991F28F}") = "idk", "idk\idk.vbproj", "{87450F03-96DF-46E6-968D-9A6CD44D4015}"
EndProject
Global
	GlobalSection(SolutionConfigurationPlatforms) = preSolution
		Debug|Any CPU = Debug|Any CPU
		Release|Any CPU = Release|Any CPU
	EndGlobalSection
	GlobalSection(ProjectConfigurationPlatforms) = postSolution
		{87450F03-96DF-46E6-968D-9A6CD44D4015}.Debug|Any CPU.ActiveCfg = Debug|Any CPU
		{87450F03-96DF-46E6-968D-9A6CD44D4015}.Debug|Any CPU.Build.0 = Debug|Any CPU
		{87450F03-96DF-46E6-968D-9A6CD44D4015}.Release|Any CPU.ActiveCfg = Release|Any CPU
		{87450F03-96DF-46E6-968D-9A6CD44D4015}.Release|Any CPU.Build.0 = Release|Any CPU
	EndGlobalSection
	GlobalSection(SolutionProperties) = preSolution
		HideSolutionNode = FALSE
	EndGlobalSection
	GlobalSection(ExtensibilityGlobals) = postSolution
		SolutionGuid = {296E16B0-66AE-47E2-ADF2-0374D3DB3AD5}
	EndGlobalSection
EndGlobal
